Microsoft Visual Studio Solution File, Format Version 12.00
# Visual Studio Version 17
VisualStudioVersion = 17.5.2.0
MinimumVisualStudioVersion = 10.0.40219.1
Project("{FAE04EC0-301F-11D3-BF4B-00C04F79EFBC}") = "pulumi-sample-component", "pulumi-sample-component.csproj", "{A55CA4E8-56C7-9376-39CC-398910E12F99}"
EndProject
Global
	GlobalSection(SolutionConfigurationPlatforms) = preSolution
		Debug|Any CPU = Debug|Any CPU
		Release|Any CPU = Release|Any CPU
	EndGlobalSection
	GlobalSection(ProjectConfigurationPlatforms) = postSolution
		{A55CA4E8-56C7-9376-39CC-398910E12F99}.Debug|Any CPU.ActiveCfg = Debug|Any CPU
		{A55CA4E8-56C7-9376-39CC-398910E12F99}.Debug|Any CPU.Build.0 = Debug|Any CPU
		{A55CA4E8-56C7-9376-39CC-398910E12F99}.Release|Any CPU.ActiveCfg = Release|Any CPU
		{A55CA4E8-56C7-9376-39CC-398910E12F99}.Release|Any CPU.Build.0 = Release|Any CPU
	EndGlobalSection
	GlobalSection(SolutionProperties) = preSolution
		HideSolutionNode = FALSE
	EndGlobalSection
	GlobalSection(ExtensibilityGlobals) = postSolution
		SolutionGuid = {E6170362-F5E7-4D78-B9AB-83C570363941}
	EndGlobalSection
EndGlobal
